
Microsoft Visual Studio Solution File, Format Version 12.00
# Visual Studio Version 17
VisualStudioVersion = 17.0.32112.339
MinimumVisualStudioVersion = 10.0.40219.1
Project("{FAE04EC0-301F-11D3-BF4B-00C04F79EFBC}") = "Lesson1_AsyncPprogramming", "Lesson1_AsyncPprogramming\Lesson1_AsyncPprogramming.csproj", "{1855B89F-2E8F-49B6-B370-BBE9BBD7B954}"
EndProject
Global
	GlobalSection(SolutionConfigurationPlatforms) = preSolution
		Debug|Any CPU = Debug|Any CPU
		Release|Any CPU = Release|Any CPU
	EndGlobalSection
	GlobalSection(ProjectConfigurationPlatforms) = postSolution
		{1855B89F-2E8F-49B6-B370-BBE9BBD7B954}.Debug|Any CPU.ActiveCfg = Debug|Any CPU
		{1855B89F-2E8F-49B6-B370-BBE9BBD7B954}.Debug|Any CPU.Build.0 = Debug|Any CPU
		{1855B89F-2E8F-49B6-B370-BBE9BBD7B954}.Release|Any CPU.ActiveCfg = Release|Any CPU
		{1855B89F-2E8F-49B6-B370-BBE9BBD7B954}.Release|Any CPU.Build.0 = Release|Any CPU
	EndGlobalSection
	GlobalSection(SolutionProperties) = preSolution
		HideSolutionNode = FALSE
	EndGlobalSection
	GlobalSection(ExtensibilityGlobals) = postSolution
		SolutionGuid = {AE38F35B-D91E-48AF-A736-DDFA444FAA15}
	EndGlobalSection
EndGlobal
